<?xml version="1.0" encoding="utf-8"?>
<Project ToolsVersion="4.0" xmlns="http://schemas.microsoft.com/developer/msbuild/2003">
  <ItemGroup>
    <Filter Include="Source Files">
      <UniqueIdentifier>{4FC737F1-C7A5-4376-A066-2A32D752A2FF}</UniqueIdentifier>
      <Extensions>cpp;c;cc;cxx;c++;cppm;ixx;def;odl;idl;hpj;bat;asm;asmx</Extensions>
    </Filter>
    <Filter Include="Header Files">
      <UniqueIdentifier>{93995380-89BD-4b04-88EB-625FBE52EBFB}</UniqueIdentifier>
      <Extensions>h;hh;hpp;hxx;h++;hm;inl;inc;ipp;xsd</Extensions>
    </Filter>
    <Filter Include="Resource Files">
      <UniqueIdentifier>{67DA6AB6-F800-4c08-8B7A-83BB121AAD01}</UniqueIdentifier>
      <Extensions>rc;ico;cur;bmp;dlg;rc2;rct;bin;rgs;gif;jpg;jpeg;jpe;resx;tiff;tif;png;wav;mfcribbon-ms</Extensions>
    </Filter>
    <Filter Include="Header Files\Dtos">
      <UniqueIdentifier>{01b42a04-a5a7-472c-bf31-a4355ceb422a}</UniqueIdentifier>
    </Filter>
    <Filter Include="Header Files\Game">
      <UniqueIdentifier>{4772fb78-cdab-4de0-b66e-58f4e89ac28b}</UniqueIdentifier>
    </Filter>
    <Filter Include="Header Files\Packets">
      <UniqueIdentifier>{9d12ea99-5cae-439b-aad2-fbc0db13cfe8}</UniqueIdentifier>
    </Filter>
  </ItemGroup>
  <ItemGroup>
    <ClCompile Include="Main.cpp">
      <Filter>Source Files</Filter>
    </ClCompile>
    <ClCompile Include="ClientSession.cpp">
      <Filter>Source Files</Filter>
    </ClCompile>
    <ClCompile Include="Server.cpp">
      <Filter>Source Files</Filter>
    </ClCompile>
    <ClCompile Include="Room.cpp">
      <Filter>Source Files</Filter>
    </ClCompile>
    <ClCompile Include="ServerPlayer.cpp">
      <Filter>Source Files</Filter>
    </ClCompile>
    <ClCompile Include="ApiClient.cpp">
      <Filter>Source Files</Filter>
    </ClCompile>
    <ClCompile Include="ThreadPool.cpp">
      <Filter>Source Files</Filter>
    </ClCompile>
  </ItemGroup>
  <ItemGroup>
    <ClInclude Include="ClientSession.h">
      <Filter>Header Files</Filter>
    </ClInclude>
    <ClInclude Include="Server.h">
      <Filter>Header Files</Filter>
    </ClInclude>
    <ClInclude Include="Room.h">
      <Filter>Header Files\Game</Filter>
    </ClInclude>
    <ClInclude Include="Platform.h">
      <Filter>Header Files\Game</Filter>
    </ClInclude>
    <ClInclude Include="ServerPlayer.h">
      <Filter>Header Files\Game</Filter>
    </ClInclude>
    <ClInclude Include="SaveRecordRequest.h">
      <Filter>Header Files\Dtos</Filter>
    </ClInclude>
    <ClInclude Include="PacketHeader.h">
      <Filter>Header Files\Packets</Filter>
    </ClInclude>
    <ClInclude Include="DamagePacket.h">
      <Filter>Header Files\Packets</Filter>
    </ClInclude>
    <ClInclude Include="LoginPacket.h">
      <Filter>Header Files\Packets</Filter>
    </ClInclude>
    <ClInclude Include="PlayerInputPacket.h">
      <Filter>Header Files\Packets</Filter>
    </ClInclude>
    <ClInclude Include="PlayerStatePacket.h">
      <Filter>Header Files\Packets</Filter>
    </ClInclude>
    <ClInclude Include="TimeSyncPacket.h">
      <Filter>Header Files\Packets</Filter>
    </ClInclude>
    <ClInclude Include="ApiClient.h">
      <Filter>Header Files</Filter>
    </ClInclude>
    <ClInclude Include="ThreadPool.h">
      <Filter>Header Files</Filter>
    </ClInclude>
    <ClInclude Include="MatchFoundPacket.h">
      <Filter>Header Files\Packets</Filter>
    </ClInclude>
    <ClInclude Include="ConcurrentQueue.h">
      <Filter>Header Files</Filter>
    </ClInclude>
  </ItemGroup>
</Project>